// !$*UTF8*$!
{
	archiveVersion = 1;
	classes = {
	};
	objectVersion = 50;
	objects = {

/* Begin PBXBuildFile section */
		3B240A2B215A764F008470FD /* AVFoundation.framework in Frameworks */ = {isa = PBXBuildFile; fileRef = 3B240A2A215A764F008470FD /* AVFoundation.framework */; };
		3B240A2D215A7653008470FD /* AVKit.framework in Frameworks */ = {isa = PBXBuildFile; fileRef = 3B240A2C215A7653008470FD /* AVKit.framework */; };
		3B5D758B216A4F590088E4A8 /* fight.mp4 in Resources */ = {isa = PBXBuildFile; fileRef = 3B5D758A216A4F590088E4A8 /* fight.mp4 */; };
		3B7D161421592E2400BCA01F /* FightView.h in Headers */ = {isa = PBXBuildFile; fileRef = 3B7D161321592E2400BCA01F /* FightView.h */; };
		3B7D161621592E2400BCA01F /* FightView.m in Sources */ = {isa = PBXBuildFile; fileRef = 3B7D161521592E2400BCA01F /* FightView.m */; };
/* End PBXBuildFile section */

/* Begin PBXFileReference section */
		3B240A2A215A764F008470FD /* AVFoundation.framework */ = {isa = PBXFileReference; lastKnownFileType = wrapper.framework; name = AVFoundation.framework; path = System/Library/Frameworks/AVFoundation.framework; sourceTree = SDKROOT; };
		3B240A2C215A7653008470FD /* AVKit.framework */ = {isa = PBXFileReference; lastKnownFileType = wrapper.framework; name = AVKit.framework; path = System/Library/Frameworks/AVKit.framework; sourceTree = SDKROOT; };
		3B5D758A216A4F590088E4A8 /* fight.mp4 */ = {isa = PBXFileReference; lastKnownFileType = file; path = fight.mp4; sourceTree = "<group>"; };
		3B7D161021592E2400BCA01F /* Fight.saver */ = {isa = PBXFileReference; explicitFileType = wrapper.cfbundle; includeInIndex = 0; path = Fight.saver; sourceTree = BUILT_PRODUCTS_DIR; };
		3B7D161321592E2400BCA01F /* FightView.h */ = {isa = PBXFileReference; lastKnownFileType = sourcecode.c.h; path = FightView.h; sourceTree = "<group>"; };
		3B7D161521592E2400BCA01F /* FightView.m */ = {isa = PBXFileReference; lastKnownFileType = sourcecode.c.objc; path = FightView.m; sourceTree = "<group>"; };
		3B7D161721592E2400BCA01F /* Info.plist */ = {isa = PBXFileReference; lastKnownFileType = text.plist.xml; path = Info.plist; sourceTree = "<group>"; };
/* End PBXFileReference section */

/* Begin PBXFrameworksBuildPhase section */
		3B7D160D21592E2400BCA01F /* Frameworks */ = {
			isa = PBXFrameworksBuildPhase;
			buildActionMask = 2147483647;
			files = (
				3B240A2D215A7653008470FD /* AVKit.framework in Frameworks */,
				3B240A2B215A764F008470FD /* AVFoundation.framework in Frameworks */,
			);
			runOnlyForDeploymentPostprocessing = 0;
		};
/* End PBXFrameworksBuildPhase section */

/* Begin PBXGroup section */
		3B240A29215A764F008470FD /* Frameworks */ = {
			isa = PBXGroup;
			children = (
				3B240A2C215A7653008470FD /* AVKit.framework */,
				3B240A2A215A764F008470FD /* AVFoundation.framework */,
			);
			name = Frameworks;
			sourceTree = "<group>";
		};
		3B7D160621592E2400BCA01F = {
			isa = PBXGroup;
			children = (
				3B7D161221592E2400BCA01F /* Fight */,
				3B7D161121592E2400BCA01F /* Products */,
				3B240A29215A764F008470FD /* Frameworks */,
			);
			sourceTree = "<group>";
		};
		3B7D161121592E2400BCA01F /* Products */ = {
			isa = PBXGroup;
			children = (
				3B7D161021592E2400BCA01F /* Fight.saver */,
			);
			name = Products;
			sourceTree = "<group>";
		};
		3B7D161221592E2400BCA01F /* Fight */ = {
			isa = PBXGroup;
			children = (
				3B5D758A216A4F590088E4A8 /* fight.mp4 */,
				3B7D161321592E2400BCA01F /* FightView.h */,
				3B7D161521592E2400BCA01F /* FightView.m */,
				3B7D161721592E2400BCA01F /* Info.plist */,
			);
			path = Fight;
			sourceTree = "<group>";
		};
/* End PBXGroup section */

/* Begin PBXHeadersBuildPhase section */
		3B7D160B21592E2400BCA01F /* Headers */ = {
			isa = PBXHeadersBuildPhase;
			buildActionMask = 2147483647;
			files = (
				3B7D161421592E2400BCA01F /* FightView.h in Headers */,
			);
			runOnlyForDeploymentPostprocessing = 0;
		};
/* End PBXHeadersBuildPhase section */

/* Begin PBXNativeTarget section */
		3B7D160F21592E2400BCA01F /* Fight */ = {
			isa = PBXNativeTarget;
			buildConfigurationList = 3B7D161A21592E2400BCA01F /* Build configuration list for PBXNativeTarget "Fight" */;
			buildPhases = (
				3B7D160B21592E2400BCA01F /* Headers */,
				3B7D160C21592E2400BCA01F /* Sources */,
				3B7D160D21592E2400BCA01F /* Frameworks */,
				3B7D160E21592E2400BCA01F /* Resources */,
			);
			buildRules = (
			);
			dependencies = (
			);
			name = Fight;
			productName = Fight;
			productReference = 3B7D161021592E2400BCA01F /* Fight.saver */;
			productType = "com.apple.product-type.bundle";
		};
/* End PBXNativeTarget section */

/* Begin PBXProject section */
		3B7D160721592E2400BCA01F /* Project object */ = {
			isa = PBXProject;
			attributes = {
				LastUpgradeCheck = 1000;
				ORGANIZATIONNAME = nashaofu;
				TargetAttributes = {
					3B7D160F21592E2400BCA01F = {
						CreatedOnToolsVersion = 10.0;
					};
				};
			};
			buildConfigurationList = 3B7D160A21592E2400BCA01F /* Build configuration list for PBXProject "Fight" */;
			compatibilityVersion = "Xcode 9.3";
			developmentRegion = en;
			hasScannedForEncodings = 0;
			knownRegions = (
				en,
			);
			mainGroup = 3B7D160621592E2400BCA01F;
			productRefGroup = 3B7D161121592E2400BCA01F /* Products */;
			projectDirPath = "";
			projectRoot = "";
			targets = (
				3B7D160F21592E2400BCA01F /* Fight */,
			);
		};
/* End PBXProject section */

/* Begin PBXResourcesBuildPhase section */
		3B7D160E21592E2400BCA01F /* Resources */ = {
			isa = PBXResourcesBuildPhase;
			buildActionMask = 2147483647;
			files = (
				3B5D758B216A4F590088E4A8 /* fight.mp4 in Resources */,
			);
			runOnlyForDeploymentPostprocessing = 0;
		};
/* End PBXResourcesBuildPhase section */

/* Begin PBXSourcesBuildPhase section */
		3B7D160C21592E2400BCA01F /* Sources */ = {
			isa = PBXSourcesBuildPhase;
			buildActionMask = 2147483647;
			files = (
				3B7D161621592E2400BCA01F /* FightView.m in Sources */,
			);
			runOnlyForDeploymentPostprocessing = 0;
		};
/* End PBXSourcesBuildPhase section */

/* Begin XCBuildConfiguration section */
		3B7D161821592E2400BCA01F /* Debug */ = {
			isa = XCBuildConfiguration;
			buildSettings = {
				ALWAYS_SEARCH_USER_PATHS = NO;
				CLANG_ANALYZER_NONNULL = YES;
				CLANG_ANALYZER_NUMBER_OBJECT_CONVERSION = YES_AGGRESSIVE;
				CLANG_CXX_LANGUAGE_STANDARD = "gnu++14";
				CLANG_CXX_LIBRARY = "libc++";
				CLANG_ENABLE_MODULES = YES;
				CLANG_ENABLE_OBJC_ARC = YES;
				CLANG_ENABLE_OBJC_WEAK = YES;
				CLANG_WARN_BLOCK_CAPTURE_AUTORELEASING = YES;
				CLANG_WARN_BOOL_CONVERSION = YES;
				CLANG_WARN_COMMA = YES;
				CLANG_WARN_CONSTANT_CONVERSION = YES;
				CLANG_WARN_DEPRECATED_OBJC_IMPLEMENTATIONS = YES;
				CLANG_WARN_DIRECT_OBJC_ISA_USAGE = YES_ERROR;
				CLANG_WARN_DOCUMENTATION_COMMENTS = YES;
				CLANG_WARN_EMPTY_BODY = YES;
				CLANG_WARN_ENUM_CONVERSION = YES;
				CLANG_WARN_INFINITE_RECURSION = YES;
				CLANG_WARN_INT_CONVERSION = YES;
				CLANG_WARN_NON_LITERAL_NULL_CONVERSION = YES;
				CLANG_WARN_OBJC_IMPLICIT_RETAIN_SELF = YES;
				CLANG_WARN_OBJC_LITERAL_CONVERSION = YES;
				CLANG_WARN_OBJC_ROOT_CLASS = YES_ERROR;
				CLANG_WARN_RANGE_LOOP_ANALYSIS = YES;
				CLANG_WARN_STRICT_PROTOTYPES = YES;
				CLANG_WARN_SUSPICIOUS_MOVE = YES;
				CLANG_WARN_UNGUARDED_AVAILABILITY = YES_AGGRESSIVE;
				CLANG_WARN_UNREACHABLE_CODE = YES;
				CLANG_WARN__DUPLICATE_METHOD_MATCH = YES;
				CODE_SIGN_IDENTITY = "Mac Developer";
				COPY_PHASE_STRIP = NO;
				DEBUG_INFORMATION_FORMAT = dwarf;
				ENABLE_STRICT_OBJC_MSGSEND = YES;
				ENABLE_TESTABILITY = YES;
				GCC_C_LANGUAGE_STANDARD = gnu11;
				GCC_DYNAMIC_NO_PIC = NO;
				GCC_NO_COMMON_BLOCKS = YES;
				GCC_OPTIMIZATION_LEVEL = 0;
				GCC_PREPROCESSOR_DEFINITIONS = (
					"DEBUG=1",
					"$(inherited)",
				);
				GCC_WARN_64_TO_32_BIT_CONVERSION = YES;
				GCC_WARN_ABOUT_RETURN_TYPE = YES_ERROR;
				GCC_WARN_UNDECLARED_SELECTOR = YES;
				GCC_WARN_UNINITIALIZED_AUTOS = YES_AGGRESSIVE;
				GCC_WARN_UNUSED_FUNCTION = YES;
				GCC_WARN_UNUSED_VARIABLE = YES;
				MACOSX_DEPLOYMENT_TARGET = 10.13;
				MTL_ENABLE_DEBUG_INFO = INCLUDE_SOURCE;
				MTL_FAST_MATH = YES;
				ONLY_ACTIVE_ARCH = YES;
				SDKROOT = macosx;
			};
			name = Debug;
		};
		3B7D161921592E2400BCA01F /* Release */ = {
			isa = XCBuildConfiguration;
			buildSettings = {
				ALWAYS_SEARCH_USER_PATHS = NO;
				CLANG_ANALYZER_NONNULL = YES;
				CLANG_ANALYZER_NUMBER_OBJECT_CONVERSION = YES_AGGRESSIVE;
				CLANG_CXX_LANGUAGE_STANDARD = "gnu++14";
				CLANG_CXX_LIBRARY = "libc++";
				CLANG_ENABLE_MODULES = YES;
				CLANG_ENABLE_OBJC_ARC = YES;
				CLANG_ENABLE_OBJC_WEAK = YES;
				CLANG_WARN_BLOCK_CAPTURE_AUTORELEASING = YES;
				CLANG_WARN_BOOL_CONVERSION = YES;
				CLANG_WARN_COMMA = YES;
				CLANG_WARN_CONSTANT_CONVERSION = YES;
				CLANG_WARN_DEPRECATED_OBJC_IMPLEMENTATIONS = YES;
				CLANG_WARN_DIRECT_OBJC_ISA_USAGE = YES_ERROR;
				CLANG_WARN_DOCUMENTATION_COMMENTS = YES;
				CLANG_WARN_EMPTY_BODY = YES;
				CLANG_WARN_ENUM_CONVERSION = YES;
				CLANG_WARN_INFINITE_RECURSION = YES;
				CLANG_WARN_INT_CONVERSION = YES;
				CLANG_WARN_NON_LITERAL_NULL_CONVERSION = YES;
				CLANG_WARN_OBJC_IMPLICIT_RETAIN_SELF = YES;
				CLANG_WARN_OBJC_LITERAL_CONVERSION = YES;
				CLANG_WARN_OBJC_ROOT_CLASS = YES_ERROR;
				CLANG_WARN_RANGE_LOOP_ANALYSIS = YES;
				CLANG_WARN_STRICT_PROTOTYPES = YES;
				CLANG_WARN_SUSPICIOUS_MOVE = YES;
				CLANG_WARN_UNGUARDED_AVAILABILITY = YES_AGGRESSIVE;
				CLANG_WARN_UNREACHABLE_CODE = YES;
				CLANG_WARN__DUPLICATE_METHOD_MATCH = YES;
				CODE_SIGN_IDENTITY = "Mac Developer";
				COPY_PHASE_STRIP = NO;
				DEBUG_INFORMATION_FORMAT = "dwarf-with-dsym";
				ENABLE_NS_ASSERTIONS = NO;
				ENABLE_STRICT_OBJC_MSGSEND = YES;
				GCC_C_LANGUAGE_STANDARD = gnu11;
				GCC_NO_COMMON_BLOCKS = YES;
				GCC_WARN_64_TO_32_BIT_CONVERSION = YES;
				GCC_WARN_ABOUT_RETURN_TYPE = YES_ERROR;
				GCC_WARN_UNDECLARED_SELECTOR = YES;
				GCC_WARN_UNINITIALIZED_AUTOS = YES_AGGRESSIVE;
				GCC_WARN_UNUSED_FUNCTION = YES;
				GCC_WARN_UNUSED_VARIABLE = YES;
				MACOSX_DEPLOYMENT_TARGET = 10.13;
				MTL_ENABLE_DEBUG_INFO = NO;
				MTL_FAST_MATH = YES;
				SDKROOT = macosx;
			};
			name = Release;
		};
		3B7D161B21592E2400BCA01F /* Debug */ = {
			isa = XCBuildConfiguration;
			buildSettings = {
				CODE_SIGN_STYLE = Automatic;
				COMBINE_HIDPI_IMAGES = YES;
				DEVELOPMENT_TEAM = 2A5UB5KQ66;
				INFOPLIST_FILE = Fight/Info.plist;
				INSTALL_PATH = "$(HOME)/Library/Screen Savers";
				PRODUCT_BUNDLE_IDENTIFIER = nashaofu.Fight;
				PRODUCT_NAME = "$(TARGET_NAME)";
				WRAPPER_EXTENSION = saver;
			};
			name = Debug;
		};
		3B7D161C21592E2400BCA01F /* Release */ = {
			isa = XCBuildConfiguration;
			buildSettings = {
				CODE_SIGN_STYLE = Automatic;
				COMBINE_HIDPI_IMAGES = YES;
				DEVELOPMENT_TEAM = 2A5UB5KQ66;
				INFOPLIST_FILE = Fight/Info.plist;
				INSTALL_PATH = "$(HOME)/Library/Screen Savers";
				PRODUCT_BUNDLE_IDENTIFIER = nashaofu.Fight;
				PRODUCT_NAME = "$(TARGET_NAME)";
				WRAPPER_EXTENSION = saver;
			};
			name = Release;
		};
/* End XCBuildConfiguration section */

/* Begin XCConfigurationList section */
		3B7D160A21592E2400BCA01F /* Build configuration list for PBXProject "Fight" */ = {
			isa = XCConfigurationList;
			buildConfigurations = (
				3B7D161821592E2400BCA01F /* Debug */,
				3B7D161921592E2400BCA01F /* Release */,
			);
			defaultConfigurationIsVisible = 0;
			defaultConfigurationName = Release;
		};
		3B7D161A21592E2400BCA01F /* Build configuration list for PBXNativeTarget "Fight" */ = {
			isa = XCConfigurationList;
			buildConfigurations = (
				3B7D161B21592E2400BCA01F /* Debug */,
				3B7D161C21592E2400BCA01F /* Release */,
			);
			defaultConfigurationIsVisible = 0;
			defaultConfigurationName = Release;
		};
/* End XCConfigurationList section */
	};
	rootObject = 3B7D160721592E2400BCA01F /* Project object */;
}
